# DO NOT EDIT MANUALLY - Managed by Fern Replay
version: "1.0"
generations:
  - commit_sha: 96f890d4eb059ede59f50663a877229baa96f060
    tree_hash: a1864ba9a15b53d4ef66c006a6f7ea33e8fa3a84
    timestamp: 2026-06-15T13:48:26.817Z
    cli_version: unknown
    generator_versions: {}
current_generation: 96f890d4eb059ede59f50663a877229baa96f060
patches: []
